
Microsoft Visual Studio Solution File, Format Version 12.00
# Visual Studio 14
VisualStudioVersion = 14.0.23107.0
MinimumVisualStudioVersion = 10.0.40219.1
Project("{9092AA53-FB77-4645-B42D-1CCCA6BD08BD}") = "express", "express.njsproj", "{88B85B78-4BD7-4126-B234-DC7A07A3ABFA}"
EndProject
Global
	GlobalSection(SolutionConfigurationPlatforms) = preSolution
		Debug|Any CPU = Debug|Any CPU
		Release|Any CPU = Release|Any CPU
	EndGlobalSection
	GlobalSection(ProjectConfigurationPlatforms) = postSolution
		{88B85B78-4BD7-4126-B234-DC7A07A3ABFA}.Debug|Any CPU.ActiveCfg = Debug|Any CPU
		{88B85B78-4BD7-4126-B234-DC7A07A3ABFA}.Debug|Any CPU.Build.0 = Debug|Any CPU
		{88B85B78-4BD7-4126-B234-DC7A07A3ABFA}.Release|Any CPU.ActiveCfg = Release|Any CPU
		{88B85B78-4BD7-4126-B234-DC7A07A3ABFA}.Release|Any CPU.Build.0 = Release|Any CPU
	EndGlobalSection
	GlobalSection(SolutionProperties) = preSolution
		HideSolutionNode = FALSE
	EndGlobalSection
EndGlobal
